// !$*UTF8*$!
{
	archiveVersion = 1;
	classes = {
	};
	objectVersion = 50;
	objects = {

/* Begin PBXBuildFile section */
		D33B0A9024B6F1CB00CD0EF4 /* AppDelegate.swift in Sources */ = {isa = PBXBuildFile; fileRef = D33B0A8F24B6F1CB00CD0EF4 /* AppDelegate.swift */; };
		D33B0A9224B6F1CB00CD0EF4 /* SceneDelegate.swift in Sources */ = {isa = PBXBuildFile; fileRef = D33B0A9124B6F1CB00CD0EF4 /* SceneDelegate.swift */; };
		D33B0A9424B6F1CB00CD0EF4 /* ContentView.swift in Sources */ = {isa = PBXBuildFile; fileRef = D33B0A9324B6F1CB00CD0EF4 /* ContentView.swift */; };
		D33B0A9624B6F1CC00CD0EF4 /* Assets.xcassets in Resources */ = {isa = PBXBuildFile; fileRef = D33B0A9524B6F1CC00CD0EF4 /* Assets.xcassets */; };
		D33B0A9924B6F1CC00CD0EF4 /* Preview Assets.xcassets in Resources */ = {isa = PBXBuildFile; fileRef = D33B0A9824B6F1CC00CD0EF4 /* Preview Assets.xcassets */; };
		D33B0A9C24B6F1CC00CD0EF4 /* LaunchScreen.storyboard in Resources */ = {isa = PBXBuildFile; fileRef = D33B0A9A24B6F1CC00CD0EF4 /* LaunchScreen.storyboard */; };
		D33B0AB524B6F78800CD0EF4 /* CardView.swift in Sources */ = {isa = PBXBuildFile; fileRef = D33B0AB424B6F78800CD0EF4 /* CardView.swift */; };
/* End PBXBuildFile section */

/* Begin PBXFileReference section */
		D33B0A8C24B6F1CB00CD0EF4 /* LearnByDoing.app */ = {isa = PBXFileReference; explicitFileType = wrapper.application; includeInIndex = 0; path = LearnByDoing.app; sourceTree = BUILT_PRODUCTS_DIR; };
		D33B0A8F24B6F1CB00CD0EF4 /* AppDelegate.swift */ = {isa = PBXFileReference; lastKnownFileType = sourcecode.swift; path = AppDelegate.swift; sourceTree = "<group>"; };
		D33B0A9124B6F1CB00CD0EF4 /* SceneDelegate.swift */ = {isa = PBXFileReference; lastKnownFileType = sourcecode.swift; path = SceneDelegate.swift; sourceTree = "<group>"; };
		D33B0A9324B6F1CB00CD0EF4 /* ContentView.swift */ = {isa = PBXFileReference; lastKnownFileType = sourcecode.swift; path = ContentView.swift; sourceTree = "<group>"; };
		D33B0A9524B6F1CC00CD0EF4 /* Assets.xcassets */ = {isa = PBXFileReference; lastKnownFileType = folder.assetcatalog; path = Assets.xcassets; sourceTree = "<group>"; };
		D33B0A9824B6F1CC00CD0EF4 /* Preview Assets.xcassets */ = {isa = PBXFileReference; lastKnownFileType = folder.assetcatalog; path = "Preview Assets.xcassets"; sourceTree = "<group>"; };
		D33B0A9B24B6F1CC00CD0EF4 /* Base */ = {isa = PBXFileReference; lastKnownFileType = file.storyboard; name = Base; path = Base.lproj/LaunchScreen.storyboard; sourceTree = "<group>"; };
		D33B0A9D24B6F1CC00CD0EF4 /* Info.plist */ = {isa = PBXFileReference; lastKnownFileType = text.plist.xml; path = Info.plist; sourceTree = "<group>"; };
		D33B0AB424B6F78800CD0EF4 /* CardView.swift */ = {isa = PBXFileReference; lastKnownFileType = sourcecode.swift; path = CardView.swift; sourceTree = "<group>"; };
/* End PBXFileReference section */

/* Begin PBXFrameworksBuildPhase section */
		D33B0A8924B6F1CB00CD0EF4 /* Frameworks */ = {
			isa = PBXFrameworksBuildPhase;
			buildActionMask = 2147483647;
			files = (
			);
			runOnlyForDeploymentPostprocessing = 0;
		};
/* End PBXFrameworksBuildPhase section */

/* Begin PBXGroup section */
		D33B0A8324B6F1CB00CD0EF4 = {
			isa = PBXGroup;
			children = (
				D33B0A8E24B6F1CB00CD0EF4 /* LearnByDoing */,
				D33B0A8D24B6F1CB00CD0EF4 /* Products */,
			);
			sourceTree = "<group>";
		};
		D33B0A8D24B6F1CB00CD0EF4 /* Products */ = {
			isa = PBXGroup;
			children = (
				D33B0A8C24B6F1CB00CD0EF4 /* LearnByDoing.app */,
			);
			name = Products;
			sourceTree = "<group>";
		};
		D33B0A8E24B6F1CB00CD0EF4 /* LearnByDoing */ = {
			isa = PBXGroup;
			children = (
				D33B0A8F24B6F1CB00CD0EF4 /* AppDelegate.swift */,
				D33B0A9124B6F1CB00CD0EF4 /* SceneDelegate.swift */,
				D33B0A9324B6F1CB00CD0EF4 /* ContentView.swift */,
				D33B0AB424B6F78800CD0EF4 /* CardView.swift */,
				D33B0A9524B6F1CC00CD0EF4 /* Assets.xcassets */,
				D33B0A9A24B6F1CC00CD0EF4 /* LaunchScreen.storyboard */,
				D33B0A9D24B6F1CC00CD0EF4 /* Info.plist */,
				D33B0A9724B6F1CC00CD0EF4 /* Preview Content */,
			);
			path = LearnByDoing;
			sourceTree = "<group>";
		};
		D33B0A9724B6F1CC00CD0EF4 /* Preview Content */ = {
			isa = PBXGroup;
			children = (
				D33B0A9824B6F1CC00CD0EF4 /* Preview Assets.xcassets */,
			);
			path = "Preview Content";
			sourceTree = "<group>";
		};
/* End PBXGroup section */

/* Begin PBXNativeTarget section */
		D33B0A8B24B6F1CB00CD0EF4 /* LearnByDoing */ = {
			isa = PBXNativeTarget;
			buildConfigurationList = D33B0AA024B6F1CC00CD0EF4 /* Build configuration list for PBXNativeTarget "LearnByDoing" */;
			buildPhases = (
				D33B0A8824B6F1CB00CD0EF4 /* Sources */,
				D33B0A8924B6F1CB00CD0EF4 /* Frameworks */,
				D33B0A8A24B6F1CB00CD0EF4 /* Resources */,
			);
			buildRules = (
			);
			dependencies = (
			);
			name = LearnByDoing;
			productName = LearnByDoing;
			productReference = D33B0A8C24B6F1CB00CD0EF4 /* LearnByDoing.app */;
			productType = "com.apple.product-type.application";
		};
/* End PBXNativeTarget section */

/* Begin PBXProject section */
		D33B0A8424B6F1CB00CD0EF4 /* Project object */ = {
			isa = PBXProject;
			attributes = {
				LastSwiftUpdateCheck = 1150;
				LastUpgradeCheck = 1150;
				ORGANIZATIONNAME = "Tissiana Alves";
				TargetAttributes = {
					D33B0A8B24B6F1CB00CD0EF4 = {
						CreatedOnToolsVersion = 11.5;
					};
				};
			};
			buildConfigurationList = D33B0A8724B6F1CB00CD0EF4 /* Build configuration list for PBXProject "LearnByDoing" */;
			compatibilityVersion = "Xcode 9.3";
			developmentRegion = en;
			hasScannedForEncodings = 0;
			knownRegions = (
				en,
				Base,
			);
			mainGroup = D33B0A8324B6F1CB00CD0EF4;
			productRefGroup = D33B0A8D24B6F1CB00CD0EF4 /* Products */;
			projectDirPath = "";
			projectRoot = "";
			targets = (
				D33B0A8B24B6F1CB00CD0EF4 /* LearnByDoing */,
			);
		};
/* End PBXProject section */

/* Begin PBXResourcesBuildPhase section */
		D33B0A8A24B6F1CB00CD0EF4 /* Resources */ = {
			isa = PBXResourcesBuildPhase;
			buildActionMask = 2147483647;
			files = (
				D33B0A9C24B6F1CC00CD0EF4 /* LaunchScreen.storyboard in Resources */,
				D33B0A9924B6F1CC00CD0EF4 /* Preview Assets.xcassets in Resources */,
				D33B0A9624B6F1CC00CD0EF4 /* Assets.xcassets in Resources */,
			);
			runOnlyForDeploymentPostprocessing = 0;
		};
/* End PBXResourcesBuildPhase section */

/* Begin PBXSourcesBuildPhase section */
		D33B0A8824B6F1CB00CD0EF4 /* Sources */ = {
			isa = PBXSourcesBuildPhase;
			buildActionMask = 2147483647;
			files = (
				D33B0A9024B6F1CB00CD0EF4 /* AppDelegate.swift in Sources */,
				D33B0A9224B6F1CB00CD0EF4 /* SceneDelegate.swift in Sources */,
				D33B0AB524B6F78800CD0EF4 /* CardView.swift in Sources */,
				D33B0A9424B6F1CB00CD0EF4 /* ContentView.swift in Sources */,
			);
			runOnlyForDeploymentPostprocessing = 0;
		};
/* End PBXSourcesBuildPhase section */

/* Begin PBXVariantGroup section */
		D33B0A9A24B6F1CC00CD0EF4 /* LaunchScreen.storyboard */ = {
			isa = PBXVariantGroup;
			children = (
				D33B0A9B24B6F1CC00CD0EF4 /* Base */,
			);
			name = LaunchScreen.storyboard;
			sourceTree = "<group>";
		};
/* End PBXVariantGroup section */

/* Begin XCBuildConfiguration section */
		D33B0A9E24B6F1CC00CD0EF4 /* Debug */ = {
			isa = XCBuildConfiguration;
			buildSettings = {
				ALWAYS_SEARCH_USER_PATHS = NO;
				CLANG_ANALYZER_NONNULL = YES;
				CLANG_ANALYZER_NUMBER_OBJECT_CONVERSION = YES_AGGRESSIVE;
				CLANG_CXX_LANGUAGE_STANDARD = "gnu++14";
				CLANG_CXX_LIBRARY = "libc++";
				CLANG_ENABLE_MODULES = YES;
				CLANG_ENABLE_OBJC_ARC = YES;
				CLANG_ENABLE_OBJC_WEAK = YES;
				CLANG_WARN_BLOCK_CAPTURE_AUTORELEASING = YES;
				CLANG_WARN_BOOL_CONVERSION = YES;
				CLANG_WARN_COMMA = YES;
				CLANG_WARN_CONSTANT_CONVERSION = YES;
				CLANG_WARN_DEPRECATED_OBJC_IMPLEMENTATIONS = YES;
				CLANG_WARN_DIRECT_OBJC_ISA_USAGE = YES_ERROR;
				CLANG_WARN_DOCUMENTATION_COMMENTS = YES;
				CLANG_WARN_EMPTY_BODY = YES;
				CLANG_WARN_ENUM_CONVERSION = YES;
				CLANG_WARN_INFINITE_RECURSION = YES;
				CLANG_WARN_INT_CONVERSION = YES;
				CLANG_WARN_NON_LITERAL_NULL_CONVERSION = YES;
				CLANG_WARN_OBJC_IMPLICIT_RETAIN_SELF = YES;
				CLANG_WARN_OBJC_LITERAL_CONVERSION = YES;
				CLANG_WARN_OBJC_ROOT_CLASS = YES_ERROR;
				CLANG_WARN_RANGE_LOOP_ANALYSIS = YES;
				CLANG_WARN_STRICT_PROTOTYPES = YES;
				CLANG_WARN_SUSPICIOUS_MOVE = YES;
				CLANG_WARN_UNGUARDED_AVAILABILITY = YES_AGGRESSIVE;
				CLANG_WARN_UNREACHABLE_CODE = YES;
				CLANG_WARN__DUPLICATE_METHOD_MATCH = YES;
				COPY_PHASE_STRIP = NO;
				DEBUG_INFORMATION_FORMAT = dwarf;
				ENABLE_STRICT_OBJC_MSGSEND = YES;
				ENABLE_TESTABILITY = YES;
				GCC_C_LANGUAGE_STANDARD = gnu11;
				GCC_DYNAMIC_NO_PIC = NO;
				GCC_NO_COMMON_BLOCKS = YES;
				GCC_OPTIMIZATION_LEVEL = 0;
				GCC_PREPROCESSOR_DEFINITIONS = (
					"DEBUG=1",
					"$(inherited)",
				);
				GCC_WARN_64_TO_32_BIT_CONVERSION = YES;
				GCC_WARN_ABOUT_RETURN_TYPE = YES_ERROR;
				GCC_WARN_UNDECLARED_SELECTOR = YES;
				GCC_WARN_UNINITIALIZED_AUTOS = YES_AGGRESSIVE;
				GCC_WARN_UNUSED_FUNCTION = YES;
				GCC_WARN_UNUSED_VARIABLE = YES;
				IPHONEOS_DEPLOYMENT_TARGET = 13.5;
				MTL_ENABLE_DEBUG_INFO = INCLUDE_SOURCE;
				MTL_FAST_MATH = YES;
				ONLY_ACTIVE_ARCH = YES;
				SDKROOT = iphoneos;
				SWIFT_ACTIVE_COMPILATION_CONDITIONS = DEBUG;
				SWIFT_OPTIMIZATION_LEVEL = "-Onone";
			};
			name = Debug;
		};
		D33B0A9F24B6F1CC00CD0EF4 /* Release */ = {
			isa = XCBuildConfiguration;
			buildSettings = {
				ALWAYS_SEARCH_USER_PATHS = NO;
				CLANG_ANALYZER_NONNULL = YES;
				CLANG_ANALYZER_NUMBER_OBJECT_CONVERSION = YES_AGGRESSIVE;
				CLANG_CXX_LANGUAGE_STANDARD = "gnu++14";
				CLANG_CXX_LIBRARY = "libc++";
				CLANG_ENABLE_MODULES = YES;
				CLANG_ENABLE_OBJC_ARC = YES;
				CLANG_ENABLE_OBJC_WEAK = YES;
				CLANG_WARN_BLOCK_CAPTURE_AUTORELEASING = YES;
				CLANG_WARN_BOOL_CONVERSION = YES;
				CLANG_WARN_COMMA = YES;
				CLANG_WARN_CONSTANT_CONVERSION = YES;
				CLANG_WARN_DEPRECATED_OBJC_IMPLEMENTATIONS = YES;
				CLANG_WARN_DIRECT_OBJC_ISA_USAGE = YES_ERROR;
				CLANG_WARN_DOCUMENTATION_COMMENTS = YES;
				CLANG_WARN_EMPTY_BODY = YES;
				CLANG_WARN_ENUM_CONVERSION = YES;
				CLANG_WARN_INFINITE_RECURSION = YES;
				CLANG_WARN_INT_CONVERSION = YES;
				CLANG_WARN_NON_LITERAL_NULL_CONVERSION = YES;
				CLANG_WARN_OBJC_IMPLICIT_RETAIN_SELF = YES;
				CLANG_WARN_OBJC_LITERAL_CONVERSION = YES;
				CLANG_WARN_OBJC_ROOT_CLASS = YES_ERROR;
				CLANG_WARN_RANGE_LOOP_ANALYSIS = YES;
				CLANG_WARN_STRICT_PROTOTYPES = YES;
				CLANG_WARN_SUSPICIOUS_MOVE = YES;
				CLANG_WARN_UNGUARDED_AVAILABILITY = YES_AGGRESSIVE;
				CLANG_WARN_UNREACHABLE_CODE = YES;
				CLANG_WARN__DUPLICATE_METHOD_MATCH = YES;
				COPY_PHASE_STRIP = NO;
				DEBUG_INFORMATION_FORMAT = "dwarf-with-dsym";
				ENABLE_NS_ASSERTIONS = NO;
				ENABLE_STRICT_OBJC_MSGSEND = YES;
				GCC_C_LANGUAGE_STANDARD = gnu11;
				GCC_NO_COMMON_BLOCKS = YES;
				GCC_WARN_64_TO_32_BIT_CONVERSION = YES;
				GCC_WARN_ABOUT_RETURN_TYPE = YES_ERROR;
				GCC_WARN_UNDECLARED_SELECTOR = YES;
				GCC_WARN_UNINITIALIZED_AUTOS = YES_AGGRESSIVE;
				GCC_WARN_UNUSED_FUNCTION = YES;
				GCC_WARN_UNUSED_VARIABLE = YES;
				IPHONEOS_DEPLOYMENT_TARGET = 13.5;
				MTL_ENABLE_DEBUG_INFO = NO;
				MTL_FAST_MATH = YES;
				SDKROOT = iphoneos;
				SWIFT_COMPILATION_MODE = wholemodule;
				SWIFT_OPTIMIZATION_LEVEL = "-O";
				VALIDATE_PRODUCT = YES;
			};
			name = Release;
		};
		D33B0AA124B6F1CC00CD0EF4 /* Debug */ = {
			isa = XCBuildConfiguration;
			buildSettings = {
				ASSETCATALOG_COMPILER_APPICON_NAME = AppIcon;
				CODE_SIGN_STYLE = Automatic;
				DEVELOPMENT_ASSET_PATHS = "\"LearnByDoing/Preview Content\"";
				DEVELOPMENT_TEAM = V49P55KSJH;
				ENABLE_PREVIEWS = YES;
				INFOPLIST_FILE = LearnByDoing/Info.plist;
				LD_RUNPATH_SEARCH_PATHS = (
					"$(inherited)",
					"@executable_path/Frameworks",
				);
				PRODUCT_BUNDLE_IDENTIFIER = com.tissianaalves.LearnByDoing;
				PRODUCT_NAME = "$(TARGET_NAME)";
				SWIFT_VERSION = 5.0;
				TARGETED_DEVICE_FAMILY = "1,2";
			};
			name = Debug;
		};
		D33B0AA224B6F1CC00CD0EF4 /* Release */ = {
			isa = XCBuildConfiguration;
			buildSettings = {
				ASSETCATALOG_COMPILER_APPICON_NAME = AppIcon;
				CODE_SIGN_STYLE = Automatic;
				DEVELOPMENT_ASSET_PATHS = "\"LearnByDoing/Preview Content\"";
				DEVELOPMENT_TEAM = V49P55KSJH;
				ENABLE_PREVIEWS = YES;
				INFOPLIST_FILE = LearnByDoing/Info.plist;
				LD_RUNPATH_SEARCH_PATHS = (
					"$(inherited)",
					"@executable_path/Frameworks",
				);
				PRODUCT_BUNDLE_IDENTIFIER = com.tissianaalves.LearnByDoing;
				PRODUCT_NAME = "$(TARGET_NAME)";
				SWIFT_VERSION = 5.0;
				TARGETED_DEVICE_FAMILY = "1,2";
			};
			name = Release;
		};
/* End XCBuildConfiguration section */

/* Begin XCConfigurationList section */
		D33B0A8724B6F1CB00CD0EF4 /* Build configuration list for PBXProject "LearnByDoing" */ = {
			isa = XCConfigurationList;
			buildConfigurations = (
				D33B0A9E24B6F1CC00CD0EF4 /* Debug */,
				D33B0A9F24B6F1CC00CD0EF4 /* Release */,
			);
			defaultConfigurationIsVisible = 0;
			defaultConfigurationName = Release;
		};
		D33B0AA024B6F1CC00CD0EF4 /* Build configuration list for PBXNativeTarget "LearnByDoing" */ = {
			isa = XCConfigurationList;
			buildConfigurations = (
				D33B0AA124B6F1CC00CD0EF4 /* Debug */,
				D33B0AA224B6F1CC00CD0EF4 /* Release */,
			);
			defaultConfigurationIsVisible = 0;
			defaultConfigurationName = Release;
		};
/* End XCConfigurationList section */
	};
	rootObject = D33B0A8424B6F1CB00CD0EF4 /* Project object */;
}
